// !$*UTF8*$!
{
	archiveVersion = 1;
	classes = {
	};
	objectVersion = 46;
	objects = {

/* Begin PBXBuildFile section */
		FB52F0931EDEB47E00179FF7 /* NSString+COMD5.m in Sources */ = {isa = PBXBuildFile; fileRef = FB52F0921EDEB47E00179FF7 /* NSString+COMD5.m */; };
		FB52F0941EDEB47E00179FF7 /* NSString+COMD5.m in Sources */ = {isa = PBXBuildFile; fileRef = FB52F0921EDEB47E00179FF7 /* NSString+COMD5.m */; };
		FB84F1271ED7DA220015E73C /* CodeObfuscationTests.m in Sources */ = {isa = PBXBuildFile; fileRef = FB84F1261ED7DA220015E73C /* CodeObfuscationTests.m */; };
		FB897A371EDFC8B6009785EB /* FMDatabase.m in Sources */ = {isa = PBXBuildFile; fileRef = FB897A221EDFC8B6009785EB /* FMDatabase.m */; };
		FB897A381EDFC8B6009785EB /* FMDatabase.m in Sources */ = {isa = PBXBuildFile; fileRef = FB897A221EDFC8B6009785EB /* FMDatabase.m */; };
		FB897A391EDFC8B6009785EB /* FMDatabaseAdditions.m in Sources */ = {isa = PBXBuildFile; fileRef = FB897A241EDFC8B6009785EB /* FMDatabaseAdditions.m */; };
		FB897A3A1EDFC8B6009785EB /* FMDatabaseAdditions.m in Sources */ = {isa = PBXBuildFile; fileRef = FB897A241EDFC8B6009785EB /* FMDatabaseAdditions.m */; };
		FB897A3B1EDFC8B6009785EB /* FMDatabasePool.m in Sources */ = {isa = PBXBuildFile; fileRef = FB897A261EDFC8B6009785EB /* FMDatabasePool.m */; };
		FB897A3C1EDFC8B6009785EB /* FMDatabasePool.m in Sources */ = {isa = PBXBuildFile; fileRef = FB897A261EDFC8B6009785EB /* FMDatabasePool.m */; };
		FB897A3D1EDFC8B6009785EB /* FMDatabaseQueue.m in Sources */ = {isa = PBXBuildFile; fileRef = FB897A281EDFC8B6009785EB /* FMDatabaseQueue.m */; };
		FB897A3E1EDFC8B6009785EB /* FMDatabaseQueue.m in Sources */ = {isa = PBXBuildFile; fileRef = FB897A281EDFC8B6009785EB /* FMDatabaseQueue.m */; };
		FB897A3F1EDFC8B6009785EB /* FMResultSet.m in Sources */ = {isa = PBXBuildFile; fileRef = FB897A2B1EDFC8B6009785EB /* FMResultSet.m */; };
		FB897A401EDFC8B6009785EB /* FMResultSet.m in Sources */ = {isa = PBXBuildFile; fileRef = FB897A2B1EDFC8B6009785EB /* FMResultSet.m */; };
		FB897A411EDFC8B6009785EB /* Info.plist in Resources */ = {isa = PBXBuildFile; fileRef = FB897A2C1EDFC8B6009785EB /* Info.plist */; };
		FB897A441EDFE4BA009785EB /* libsqlite3.0.tbd in Frameworks */ = {isa = PBXBuildFile; fileRef = FB897A421EDFE4A8009785EB /* libsqlite3.0.tbd */; };
		FB897A4D1EDFEB4F009785EB /* AbstractDatabase.mm in Sources */ = {isa = PBXBuildFile; fileRef = FB897A4A1EDFEB4F009785EB /* AbstractDatabase.mm */; };
		FB897A4E1EDFEB4F009785EB /* AbstractDatabase.mm in Sources */ = {isa = PBXBuildFile; fileRef = FB897A4A1EDFEB4F009785EB /* AbstractDatabase.mm */; };
		FB897A4F1EDFEB4F009785EB /* BuildSql.mm in Sources */ = {isa = PBXBuildFile; fileRef = FB897A4C1EDFEB4F009785EB /* BuildSql.mm */; };
		FB897A501EDFEB4F009785EB /* BuildSql.mm in Sources */ = {isa = PBXBuildFile; fileRef = FB897A4C1EDFEB4F009785EB /* BuildSql.mm */; };
		FB897A531EDFECE4009785EB /* COObfuscationDatabase.mm in Sources */ = {isa = PBXBuildFile; fileRef = FB897A521EDFECE4009785EB /* COObfuscationDatabase.mm */; };
		FB897A541EDFECE4009785EB /* COObfuscationDatabase.mm in Sources */ = {isa = PBXBuildFile; fileRef = FB897A521EDFECE4009785EB /* COObfuscationDatabase.mm */; };
		FB8C97661ED6CCA9008C1244 /* main.m in Sources */ = {isa = PBXBuildFile; fileRef = FB8C97651ED6CCA9008C1244 /* main.m */; };
		FB8C976F1ED6CD06008C1244 /* COTemplateFile.m in Sources */ = {isa = PBXBuildFile; fileRef = FB8C976E1ED6CD06008C1244 /* COTemplateFile.m */; };
		FB9555691EE24D890083F012 /* COFileOutStream.m in Sources */ = {isa = PBXBuildFile; fileRef = FB9555681EE24D890083F012 /* COFileOutStream.m */; };
		FB95556A1EE24D890083F012 /* COFileOutStream.m in Sources */ = {isa = PBXBuildFile; fileRef = FB9555681EE24D890083F012 /* COFileOutStream.m */; };
		FB9ED5E51EE653CE002F2360 /* COClass.m in Sources */ = {isa = PBXBuildFile; fileRef = FB9ED5D91EE653CE002F2360 /* COClass.m */; };
		FB9ED5E61EE653CE002F2360 /* COClass.m in Sources */ = {isa = PBXBuildFile; fileRef = FB9ED5D91EE653CE002F2360 /* COClass.m */; };
		FB9ED5E71EE653CE002F2360 /* COFileAnalysis.m in Sources */ = {isa = PBXBuildFile; fileRef = FB9ED5DB1EE653CE002F2360 /* COFileAnalysis.m */; };
		FB9ED5E81EE653CE002F2360 /* COFileAnalysis.m in Sources */ = {isa = PBXBuildFile; fileRef = FB9ED5DB1EE653CE002F2360 /* COFileAnalysis.m */; };
		FB9ED5E91EE653CE002F2360 /* COMethod.m in Sources */ = {isa = PBXBuildFile; fileRef = FB9ED5DD1EE653CE002F2360 /* COMethod.m */; };
		FB9ED5EA1EE653CE002F2360 /* COMethod.m in Sources */ = {isa = PBXBuildFile; fileRef = FB9ED5DD1EE653CE002F2360 /* COMethod.m */; };
		FB9ED5EB1EE653CE002F2360 /* COObfuscationManager.m in Sources */ = {isa = PBXBuildFile; fileRef = FB9ED5DF1EE653CE002F2360 /* COObfuscationManager.m */; };
		FB9ED5EC1EE653CE002F2360 /* COObfuscationManager.m in Sources */ = {isa = PBXBuildFile; fileRef = FB9ED5DF1EE653CE002F2360 /* COObfuscationManager.m */; };
		FB9ED5ED1EE653CE002F2360 /* COProperty.m in Sources */ = {isa = PBXBuildFile; fileRef = FB9ED5E11EE653CE002F2360 /* COProperty.m */; };
		FB9ED5EE1EE653CE002F2360 /* COProperty.m in Sources */ = {isa = PBXBuildFile; fileRef = FB9ED5E11EE653CE002F2360 /* COProperty.m */; };
		FB9ED5EF1EE653CE002F2360 /* COSelectorPart.m in Sources */ = {isa = PBXBuildFile; fileRef = FB9ED5E31EE653CE002F2360 /* COSelectorPart.m */; };
		FB9ED5F01EE653CE002F2360 /* COSelectorPart.m in Sources */ = {isa = PBXBuildFile; fileRef = FB9ED5E31EE653CE002F2360 /* COSelectorPart.m */; };
		FB9ED5F31EE65478002F2360 /* COArguments.m in Sources */ = {isa = PBXBuildFile; fileRef = FB9ED5F21EE65478002F2360 /* COArguments.m */; };
		FB9ED5F41EE65478002F2360 /* COArguments.m in Sources */ = {isa = PBXBuildFile; fileRef = FB9ED5F21EE65478002F2360 /* COArguments.m */; };
/* End PBXBuildFile section */

/* Begin PBXContainerItemProxy section */
		FB897A461EDFE4CA009785EB /* PBXContainerItemProxy */ = {
			isa = PBXContainerItemProxy;
			containerPortal = FB8C975A1ED6CCA8008C1244 /* Project object */;
			proxyType = 1;
			remoteGlobalIDString = FB8C97611ED6CCA9008C1244;
			remoteInfo = CodeObfuscation;
		};
/* End PBXContainerItemProxy section */

/* Begin PBXCopyFilesBuildPhase section */
		FB8C97601ED6CCA9008C1244 /* CopyFiles */ = {
			isa = PBXCopyFilesBuildPhase;
			buildActionMask = 2147483647;
			dstPath = /usr/share/man/man1/;
			dstSubfolderSpec = 0;
			files = (
			);
			runOnlyForDeploymentPostprocessing = 1;
		};
/* End PBXCopyFilesBuildPhase section */

/* Begin PBXFileReference section */
		FB52F0911EDEB47E00179FF7 /* NSString+COMD5.h */ = {isa = PBXFileReference; fileEncoding = 4; lastKnownFileType = sourcecode.c.h; path = "NSString+COMD5.h"; sourceTree = "<group>"; };
		FB52F0921EDEB47E00179FF7 /* NSString+COMD5.m */ = {isa = PBXFileReference; fileEncoding = 4; lastKnownFileType = sourcecode.c.objc; path = "NSString+COMD5.m"; sourceTree = "<group>"; };
		FB52F0961EDEB64E00179FF7 /* libcommonCrypto.tbd */ = {isa = PBXFileReference; lastKnownFileType = "sourcecode.text-based-dylib-definition"; name = libcommonCrypto.tbd; path = usr/lib/system/libcommonCrypto.tbd; sourceTree = SDKROOT; };
		FB84F1241ED7DA220015E73C /* CodeObfuscationTests.xctest */ = {isa = PBXFileReference; explicitFileType = wrapper.cfbundle; includeInIndex = 0; path = CodeObfuscationTests.xctest; sourceTree = BUILT_PRODUCTS_DIR; };
		FB84F1261ED7DA220015E73C /* CodeObfuscationTests.m */ = {isa = PBXFileReference; lastKnownFileType = sourcecode.c.objc; path = CodeObfuscationTests.m; sourceTree = "<group>"; };
		FB84F1281ED7DA220015E73C /* Info.plist */ = {isa = PBXFileReference; lastKnownFileType = text.plist.xml; path = Info.plist; sourceTree = "<group>"; };
		FB897A211EDFC8B6009785EB /* FMDatabase.h */ = {isa = PBXFileReference; fileEncoding = 4; lastKnownFileType = sourcecode.c.h; path = FMDatabase.h; sourceTree = "<group>"; };
		FB897A221EDFC8B6009785EB /* FMDatabase.m */ = {isa = PBXFileReference; fileEncoding = 4; lastKnownFileType = sourcecode.c.objc; path = FMDatabase.m; sourceTree = "<group>"; };
		FB897A231EDFC8B6009785EB /* FMDatabaseAdditions.h */ = {isa = PBXFileReference; fileEncoding = 4; lastKnownFileType = sourcecode.c.h; path = FMDatabaseAdditions.h; sourceTree = "<group>"; };
		FB897A241EDFC8B6009785EB /* FMDatabaseAdditions.m */ = {isa = PBXFileReference; fileEncoding = 4; lastKnownFileType = sourcecode.c.objc; path = FMDatabaseAdditions.m; sourceTree = "<group>"; };
		FB897A251EDFC8B6009785EB /* FMDatabasePool.h */ = {isa = PBXFileReference; fileEncoding = 4; lastKnownFileType = sourcecode.c.h; path = FMDatabasePool.h; sourceTree = "<group>"; };
		FB897A261EDFC8B6009785EB /* FMDatabasePool.m */ = {isa = PBXFileReference; fileEncoding = 4; lastKnownFileType = sourcecode.c.objc; path = FMDatabasePool.m; sourceTree = "<group>"; };
		FB897A271EDFC8B6009785EB /* FMDatabaseQueue.h */ = {isa = PBXFileReference; fileEncoding = 4; lastKnownFileType = sourcecode.c.h; path = FMDatabaseQueue.h; sourceTree = "<group>"; };
		FB897A281EDFC8B6009785EB /* FMDatabaseQueue.m */ = {isa = PBXFileReference; fileEncoding = 4; lastKnownFileType = sourcecode.c.objc; path = FMDatabaseQueue.m; sourceTree = "<group>"; };
		FB897A291EDFC8B6009785EB /* FMDB.h */ = {isa = PBXFileReference; fileEncoding = 4; lastKnownFileType = sourcecode.c.h; path = FMDB.h; sourceTree = "<group>"; };
		FB897A2A1EDFC8B6009785EB /* FMResultSet.h */ = {isa = PBXFileReference; fileEncoding = 4; lastKnownFileType = sourcecode.c.h; path = FMResultSet.h; sourceTree = "<group>"; };
		FB897A2B1EDFC8B6009785EB /* FMResultSet.m */ = {isa = PBXFileReference; fileEncoding = 4; lastKnownFileType = sourcecode.c.objc; path = FMResultSet.m; sourceTree = "<group>"; };
		FB897A2C1EDFC8B6009785EB /* Info.plist */ = {isa = PBXFileReference; fileEncoding = 4; lastKnownFileType = text.plist.xml; path = Info.plist; sourceTree = "<group>"; };
		FB897A421EDFE4A8009785EB /* libsqlite3.0.tbd */ = {isa = PBXFileReference; lastKnownFileType = "sourcecode.text-based-dylib-definition"; name = libsqlite3.0.tbd; path = usr/lib/libsqlite3.0.tbd; sourceTree = SDKROOT; };
		FB897A491EDFEB4F009785EB /* AbstractDatabase.h */ = {isa = PBXFileReference; fileEncoding = 4; lastKnownFileType = sourcecode.c.h; path = AbstractDatabase.h; sourceTree = "<group>"; };
		FB897A4A1EDFEB4F009785EB /* AbstractDatabase.mm */ = {isa = PBXFileReference; fileEncoding = 4; lastKnownFileType = sourcecode.cpp.objcpp; path = AbstractDatabase.mm; sourceTree = "<group>"; };
		FB897A4B1EDFEB4F009785EB /* BuildSql.h */ = {isa = PBXFileReference; fileEncoding = 4; lastKnownFileType = sourcecode.c.h; path = BuildSql.h; sourceTree = "<group>"; };
		FB897A4C1EDFEB4F009785EB /* BuildSql.mm */ = {isa = PBXFileReference; fileEncoding = 4; lastKnownFileType = sourcecode.cpp.objcpp; path = BuildSql.mm; sourceTree = "<group>"; };
		FB897A511EDFECE4009785EB /* COObfuscationDatabase.h */ = {isa = PBXFileReference; fileEncoding = 4; lastKnownFileType = sourcecode.c.h; path = COObfuscationDatabase.h; sourceTree = "<group>"; };
		FB897A521EDFECE4009785EB /* COObfuscationDatabase.mm */ = {isa = PBXFileReference; fileEncoding = 4; lastKnownFileType = sourcecode.cpp.objcpp; path = COObfuscationDatabase.mm; sourceTree = "<group>"; };
		FB8C97621ED6CCA9008C1244 /* CodeObfuscation */ = {isa = PBXFileReference; explicitFileType = "compiled.mach-o.executable"; includeInIndex = 0; path = CodeObfuscation; sourceTree = BUILT_PRODUCTS_DIR; };
		FB8C97651ED6CCA9008C1244 /* main.m */ = {isa = PBXFileReference; lastKnownFileType = sourcecode.c.objc; path = main.m; sourceTree = "<group>"; };
		FB8C976D1ED6CD06008C1244 /* COTemplateFile.h */ = {isa = PBXFileReference; fileEncoding = 4; lastKnownFileType = sourcecode.c.h; path = COTemplateFile.h; sourceTree = "<group>"; };
		FB8C976E1ED6CD06008C1244 /* COTemplateFile.m */ = {isa = PBXFileReference; fileEncoding = 4; lastKnownFileType = sourcecode.c.objc; path = COTemplateFile.m; sourceTree = "<group>"; };
		FB8C97701ED6CE66008C1244 /* COTemplateFile.coh */ = {isa = PBXFileReference; explicitFileType = sourcecode.c.h; fileEncoding = 4; path = COTemplateFile.coh; sourceTree = "<group>"; };
		FB8C97741ED6D3CB008C1244 /* global.h */ = {isa = PBXFileReference; lastKnownFileType = sourcecode.c.h; path = global.h; sourceTree = "<group>"; };
		FB9555671EE24D890083F012 /* COFileOutStream.h */ = {isa = PBXFileReference; fileEncoding = 4; lastKnownFileType = sourcecode.c.h; path = COFileOutStream.h; sourceTree = "<group>"; };
		FB9555681EE24D890083F012 /* COFileOutStream.m */ = {isa = PBXFileReference; fileEncoding = 4; lastKnownFileType = sourcecode.c.objc; path = COFileOutStream.m; sourceTree = "<group>"; };
		FB9ED5D81EE653CE002F2360 /* COClass.h */ = {isa = PBXFileReference; fileEncoding = 4; lastKnownFileType = sourcecode.c.h; path = COClass.h; sourceTree = "<group>"; };
		FB9ED5D91EE653CE002F2360 /* COClass.m */ = {isa = PBXFileReference; fileEncoding = 4; lastKnownFileType = sourcecode.c.objc; path = COClass.m; sourceTree = "<group>"; };
		FB9ED5DA1EE653CE002F2360 /* COFileAnalysis.h */ = {isa = PBXFileReference; fileEncoding = 4; lastKnownFileType = sourcecode.c.h; path = COFileAnalysis.h; sourceTree = "<group>"; };
		FB9ED5DB1EE653CE002F2360 /* COFileAnalysis.m */ = {isa = PBXFileReference; fileEncoding = 4; lastKnownFileType = sourcecode.c.objc; path = COFileAnalysis.m; sourceTree = "<group>"; };
		FB9ED5DC1EE653CE002F2360 /* COMethod.h */ = {isa = PBXFileReference; fileEncoding = 4; lastKnownFileType = sourcecode.c.h; path = COMethod.h; sourceTree = "<group>"; };
		FB9ED5DD1EE653CE002F2360 /* COMethod.m */ = {isa = PBXFileReference; fileEncoding = 4; lastKnownFileType = sourcecode.c.objc; path = COMethod.m; sourceTree = "<group>"; };
		FB9ED5DE1EE653CE002F2360 /* COObfuscationManager.h */ = {isa = PBXFileReference; fileEncoding = 4; lastKnownFileType = sourcecode.c.h; path = COObfuscationManager.h; sourceTree = "<group>"; };
		FB9ED5DF1EE653CE002F2360 /* COObfuscationManager.m */ = {isa = PBXFileReference; fileEncoding = 4; lastKnownFileType = sourcecode.c.objc; path = COObfuscationManager.m; sourceTree = "<group>"; };
		FB9ED5E01EE653CE002F2360 /* COProperty.h */ = {isa = PBXFileReference; fileEncoding = 4; lastKnownFileType = sourcecode.c.h; path = COProperty.h; sourceTree = "<group>"; };
		FB9ED5E11EE653CE002F2360 /* COProperty.m */ = {isa = PBXFileReference; fileEncoding = 4; lastKnownFileType = sourcecode.c.objc; path = COProperty.m; sourceTree = "<group>"; };
		FB9ED5E21EE653CE002F2360 /* COSelectorPart.h */ = {isa = PBXFileReference; fileEncoding = 4; lastKnownFileType = sourcecode.c.h; path = COSelectorPart.h; sourceTree = "<group>"; };
		FB9ED5E31EE653CE002F2360 /* COSelectorPart.m */ = {isa = PBXFileReference; fileEncoding = 4; lastKnownFileType = sourcecode.c.objc; path = COSelectorPart.m; sourceTree = "<group>"; };
		FB9ED5E41EE653CE002F2360 /* errorCode.h */ = {isa = PBXFileReference; fileEncoding = 4; lastKnownFileType = sourcecode.c.h; path = errorCode.h; sourceTree = "<group>"; };
		FB9ED5F11EE65478002F2360 /* COArguments.h */ = {isa = PBXFileReference; fileEncoding = 4; lastKnownFileType = sourcecode.c.h; path = COArguments.h; sourceTree = "<group>"; };
		FB9ED5F21EE65478002F2360 /* COArguments.m */ = {isa = PBXFileReference; fileEncoding = 4; lastKnownFileType = sourcecode.c.objc; path = COArguments.m; sourceTree = "<group>"; };
/* End PBXFileReference section */

/* Begin PBXFrameworksBuildPhase section */
		FB84F1211ED7DA220015E73C /* Frameworks */ = {
			isa = PBXFrameworksBuildPhase;
			buildActionMask = 2147483647;
			files = (
			);
			runOnlyForDeploymentPostprocessing = 0;
		};
		FB8C975F1ED6CCA9008C1244 /* Frameworks */ = {
			isa = PBXFrameworksBuildPhase;
			buildActionMask = 2147483647;
			files = (
				FB897A441EDFE4BA009785EB /* libsqlite3.0.tbd in Frameworks */,
			);
			runOnlyForDeploymentPostprocessing = 0;
		};
/* End PBXFrameworksBuildPhase section */

/* Begin PBXGroup section */
		FB52F08F1EDEB2EE00179FF7 /* Gen */ = {
			isa = PBXGroup;
			children = (
				FB897A511EDFECE4009785EB /* COObfuscationDatabase.h */,
				FB897A521EDFECE4009785EB /* COObfuscationDatabase.mm */,
				FB9555671EE24D890083F012 /* COFileOutStream.h */,
				FB9555681EE24D890083F012 /* COFileOutStream.m */,
			);
			path = Gen;
			sourceTree = "<group>";
		};
		FB52F0901EDEB46300179FF7 /* Tools */ = {
			isa = PBXGroup;
			children = (
				FB897A481EDFEB4F009785EB /* BuildSQL */,
				FB897A111EDFC8B6009785EB /* fmdb-2.6.2 */,
				FB52F0911EDEB47E00179FF7 /* NSString+COMD5.h */,
				FB52F0921EDEB47E00179FF7 /* NSString+COMD5.m */,
			);
			path = Tools;
			sourceTree = "<group>";
		};
		FB52F0951EDEB64D00179FF7 /* Frameworks */ = {
			isa = PBXGroup;
			children = (
				FB897A421EDFE4A8009785EB /* libsqlite3.0.tbd */,
				FB52F0961EDEB64E00179FF7 /* libcommonCrypto.tbd */,
			);
			name = Frameworks;
			sourceTree = "<group>";
		};
		FB84F1251ED7DA220015E73C /* CodeObfuscationTests */ = {
			isa = PBXGroup;
			children = (
				FB84F1261ED7DA220015E73C /* CodeObfuscationTests.m */,
				FB84F1281ED7DA220015E73C /* Info.plist */,
			);
			path = CodeObfuscationTests;
			sourceTree = "<group>";
		};
		FB897A111EDFC8B6009785EB /* fmdb-2.6.2 */ = {
			isa = PBXGroup;
			children = (
				FB897A121EDFC8B6009785EB /* src */,
			);
			path = "fmdb-2.6.2";
			sourceTree = "<group>";
		};
		FB897A121EDFC8B6009785EB /* src */ = {
			isa = PBXGroup;
			children = (
				FB897A201EDFC8B6009785EB /* fmdb */,
			);
			path = src;
			sourceTree = "<group>";
		};
		FB897A201EDFC8B6009785EB /* fmdb */ = {
			isa = PBXGroup;
			children = (
				FB897A211EDFC8B6009785EB /* FMDatabase.h */,
				FB897A221EDFC8B6009785EB /* FMDatabase.m */,
				FB897A231EDFC8B6009785EB /* FMDatabaseAdditions.h */,
				FB897A241EDFC8B6009785EB /* FMDatabaseAdditions.m */,
				FB897A251EDFC8B6009785EB /* FMDatabasePool.h */,
				FB897A261EDFC8B6009785EB /* FMDatabasePool.m */,
				FB897A271EDFC8B6009785EB /* FMDatabaseQueue.h */,
				FB897A281EDFC8B6009785EB /* FMDatabaseQueue.m */,
				FB897A291EDFC8B6009785EB /* FMDB.h */,
				FB897A2A1EDFC8B6009785EB /* FMResultSet.h */,
				FB897A2B1EDFC8B6009785EB /* FMResultSet.m */,
				FB897A2C1EDFC8B6009785EB /* Info.plist */,
			);
			path = fmdb;
			sourceTree = "<group>";
		};
		FB897A481EDFEB4F009785EB /* BuildSQL */ = {
			isa = PBXGroup;
			children = (
				FB897A491EDFEB4F009785EB /* AbstractDatabase.h */,
				FB897A4A1EDFEB4F009785EB /* AbstractDatabase.mm */,
				FB897A4B1EDFEB4F009785EB /* BuildSql.h */,
				FB897A4C1EDFEB4F009785EB /* BuildSql.mm */,
			);
			path = BuildSQL;
			sourceTree = "<group>";
		};
		FB8C97591ED6CCA8008C1244 = {
			isa = PBXGroup;
			children = (
				FB8C976C1ED6CCDF008C1244 /* TemplateFiles */,
				FB8C97641ED6CCA9008C1244 /* CodeObfuscation */,
				FB84F1251ED7DA220015E73C /* CodeObfuscationTests */,
				FB8C97631ED6CCA9008C1244 /* Products */,
				FB52F0951EDEB64D00179FF7 /* Frameworks */,
			);
			sourceTree = "<group>";
		};
		FB8C97631ED6CCA9008C1244 /* Products */ = {
			isa = PBXGroup;
			children = (
				FB8C97621ED6CCA9008C1244 /* CodeObfuscation */,
				FB84F1241ED7DA220015E73C /* CodeObfuscationTests.xctest */,
			);
			name = Products;
			sourceTree = "<group>";
		};
		FB8C97641ED6CCA9008C1244 /* CodeObfuscation */ = {
			isa = PBXGroup;
			children = (
				FB9ED5D71EE653CE002F2360 /* Obfuse */,
				FB8C97651ED6CCA9008C1244 /* main.m */,
				FB8C97741ED6D3CB008C1244 /* global.h */,
				FB52F0901EDEB46300179FF7 /* Tools */,
				FB52F08F1EDEB2EE00179FF7 /* Gen */,
			);
			path = CodeObfuscation;
			sourceTree = "<group>";
		};
		FB8C976C1ED6CCDF008C1244 /* TemplateFiles */ = {
			isa = PBXGroup;
			children = (
				FB8C976D1ED6CD06008C1244 /* COTemplateFile.h */,
				FB8C976E1ED6CD06008C1244 /* COTemplateFile.m */,
				FB8C97701ED6CE66008C1244 /* COTemplateFile.coh */,
			);
			name = TemplateFiles;
			path = CodeObfuscation/TemplateFiles;
			sourceTree = "<group>";
		};
		FB9ED5D71EE653CE002F2360 /* Obfuse */ = {
			isa = PBXGroup;
			children = (
				FB9ED5D81EE653CE002F2360 /* COClass.h */,
				FB9ED5D91EE653CE002F2360 /* COClass.m */,
				FB9ED5DA1EE653CE002F2360 /* COFileAnalysis.h */,
				FB9ED5DB1EE653CE002F2360 /* COFileAnalysis.m */,
				FB9ED5DC1EE653CE002F2360 /* COMethod.h */,
				FB9ED5DD1EE653CE002F2360 /* COMethod.m */,
				FB9ED5DE1EE653CE002F2360 /* COObfuscationManager.h */,
				FB9ED5DF1EE653CE002F2360 /* COObfuscationManager.m */,
				FB9ED5E01EE653CE002F2360 /* COProperty.h */,
				FB9ED5E11EE653CE002F2360 /* COProperty.m */,
				FB9ED5E21EE653CE002F2360 /* COSelectorPart.h */,
				FB9ED5E31EE653CE002F2360 /* COSelectorPart.m */,
				FB9ED5E41EE653CE002F2360 /* errorCode.h */,
				FB9ED5F11EE65478002F2360 /* COArguments.h */,
				FB9ED5F21EE65478002F2360 /* COArguments.m */,
			);
			path = Obfuse;
			sourceTree = "<group>";
		};
/* End PBXGroup section */

/* Begin PBXNativeTarget section */
		FB84F1231ED7DA220015E73C /* CodeObfuscationTests */ = {
			isa = PBXNativeTarget;
			buildConfigurationList = FB84F12B1ED7DA220015E73C /* Build configuration list for PBXNativeTarget "CodeObfuscationTests" */;
			buildPhases = (
				FB84F1201ED7DA220015E73C /* Sources */,
				FB84F1211ED7DA220015E73C /* Frameworks */,
				FB84F1221ED7DA220015E73C /* Resources */,
			);
			buildRules = (
			);
			dependencies = (
				FB897A471EDFE4CA009785EB /* PBXTargetDependency */,
			);
			name = CodeObfuscationTests;
			productName = CodeObfuscationTests;
			productReference = FB84F1241ED7DA220015E73C /* CodeObfuscationTests.xctest */;
			productType = "com.apple.product-type.bundle.unit-test";
		};
		FB8C97611ED6CCA9008C1244 /* CodeObfuscation */ = {
			isa = PBXNativeTarget;
			buildConfigurationList = FB8C97691ED6CCA9008C1244 /* Build configuration list for PBXNativeTarget "CodeObfuscation" */;
			buildPhases = (
				FB8C975E1ED6CCA9008C1244 /* Sources */,
				FB8C975F1ED6CCA9008C1244 /* Frameworks */,
				FB8C97601ED6CCA9008C1244 /* CopyFiles */,
			);
			buildRules = (
			);
			dependencies = (
			);
			name = CodeObfuscation;
			productName = CodeObfuscation;
			productReference = FB8C97621ED6CCA9008C1244 /* CodeObfuscation */;
			productType = "com.apple.product-type.tool";
		};
/* End PBXNativeTarget section */

/* Begin PBXProject section */
		FB8C975A1ED6CCA8008C1244 /* Project object */ = {
			isa = PBXProject;
			attributes = {
				CLASSPREFIX = CO;
				LastUpgradeCheck = 0830;
				ORGANIZATIONNAME = CHE;
				TargetAttributes = {
					FB84F1231ED7DA220015E73C = {
						CreatedOnToolsVersion = 8.3.2;
						ProvisioningStyle = Automatic;
					};
					FB8C97611ED6CCA9008C1244 = {
						CreatedOnToolsVersion = 8.3.2;
						DevelopmentTeam = 8652TQR753;
						ProvisioningStyle = Automatic;
					};
				};
			};
			buildConfigurationList = FB8C975D1ED6CCA9008C1244 /* Build configuration list for PBXProject "CodeObfuscation" */;
			compatibilityVersion = "Xcode 3.2";
			developmentRegion = English;
			hasScannedForEncodings = 0;
			knownRegions = (
				en,
			);
			mainGroup = FB8C97591ED6CCA8008C1244;
			productRefGroup = FB8C97631ED6CCA9008C1244 /* Products */;
			projectDirPath = "";
			projectRoot = "";
			targets = (
				FB8C97611ED6CCA9008C1244 /* CodeObfuscation */,
				FB84F1231ED7DA220015E73C /* CodeObfuscationTests */,
			);
		};
/* End PBXProject section */

/* Begin PBXResourcesBuildPhase section */
		FB84F1221ED7DA220015E73C /* Resources */ = {
			isa = PBXResourcesBuildPhase;
			buildActionMask = 2147483647;
			files = (
				FB897A411EDFC8B6009785EB /* Info.plist in Resources */,
			);
			runOnlyForDeploymentPostprocessing = 0;
		};
/* End PBXResourcesBuildPhase section */

/* Begin PBXSourcesBuildPhase section */
		FB84F1201ED7DA220015E73C /* Sources */ = {
			isa = PBXSourcesBuildPhase;
			buildActionMask = 2147483647;
			files = (
				FB9ED5F41EE65478002F2360 /* COArguments.m in Sources */,
				FB9ED5E81EE653CE002F2360 /* COFileAnalysis.m in Sources */,
				FB897A381EDFC8B6009785EB /* FMDatabase.m in Sources */,
				FB95556A1EE24D890083F012 /* COFileOutStream.m in Sources */,
				FB9ED5EA1EE653CE002F2360 /* COMethod.m in Sources */,
				FB897A501EDFEB4F009785EB /* BuildSql.mm in Sources */,
				FB897A4E1EDFEB4F009785EB /* AbstractDatabase.mm in Sources */,
				FB897A401EDFC8B6009785EB /* FMResultSet.m in Sources */,
				FB897A541EDFECE4009785EB /* COObfuscationDatabase.mm in Sources */,
				FB84F1271ED7DA220015E73C /* CodeObfuscationTests.m in Sources */,
				FB52F0941EDEB47E00179FF7 /* NSString+COMD5.m in Sources */,
				FB897A3C1EDFC8B6009785EB /* FMDatabasePool.m in Sources */,
				FB9ED5EE1EE653CE002F2360 /* COProperty.m in Sources */,
				FB9ED5E61EE653CE002F2360 /* COClass.m in Sources */,
				FB897A3E1EDFC8B6009785EB /* FMDatabaseQueue.m in Sources */,
				FB9ED5F01EE653CE002F2360 /* COSelectorPart.m in Sources */,
				FB9ED5EC1EE653CE002F2360 /* COObfuscationManager.m in Sources */,
				FB897A3A1EDFC8B6009785EB /* FMDatabaseAdditions.m in Sources */,
			);
			runOnlyForDeploymentPostprocessing = 0;
		};
		FB8C975E1ED6CCA9008C1244 /* Sources */ = {
			isa = PBXSourcesBuildPhase;
			buildActionMask = 2147483647;
			files = (
				FB8C97661ED6CCA9008C1244 /* main.m in Sources */,
				FB52F0931EDEB47E00179FF7 /* NSString+COMD5.m in Sources */,
				FB897A531EDFECE4009785EB /* COObfuscationDatabase.mm in Sources */,
				FB897A4F1EDFEB4F009785EB /* BuildSql.mm in Sources */,
				FB9ED5E71EE653CE002F2360 /* COFileAnalysis.m in Sources */,
				FB897A371EDFC8B6009785EB /* FMDatabase.m in Sources */,
				FB9ED5F31EE65478002F2360 /* COArguments.m in Sources */,
				FB9555691EE24D890083F012 /* COFileOutStream.m in Sources */,
				FB9ED5E91EE653CE002F2360 /* COMethod.m in Sources */,
				FB897A3F1EDFC8B6009785EB /* FMResultSet.m in Sources */,
				FB9ED5ED1EE653CE002F2360 /* COProperty.m in Sources */,
				FB8C976F1ED6CD06008C1244 /* COTemplateFile.m in Sources */,
				FB897A391EDFC8B6009785EB /* FMDatabaseAdditions.m in Sources */,
				FB897A4D1EDFEB4F009785EB /* AbstractDatabase.mm in Sources */,
				FB9ED5EB1EE653CE002F2360 /* COObfuscationManager.m in Sources */,
				FB9ED5E51EE653CE002F2360 /* COClass.m in Sources */,
				FB9ED5EF1EE653CE002F2360 /* COSelectorPart.m in Sources */,
				FB897A3B1EDFC8B6009785EB /* FMDatabasePool.m in Sources */,
				FB897A3D1EDFC8B6009785EB /* FMDatabaseQueue.m in Sources */,
			);
			runOnlyForDeploymentPostprocessing = 0;
		};
/* End PBXSourcesBuildPhase section */

/* Begin PBXTargetDependency section */
		FB897A471EDFE4CA009785EB /* PBXTargetDependency */ = {
			isa = PBXTargetDependency;
			target = FB8C97611ED6CCA9008C1244 /* CodeObfuscation */;
			targetProxy = FB897A461EDFE4CA009785EB /* PBXContainerItemProxy */;
		};
/* End PBXTargetDependency section */

/* Begin XCBuildConfiguration section */
		FB84F1291ED7DA220015E73C /* Debug */ = {
			isa = XCBuildConfiguration;
			buildSettings = {
				CLANG_CXX_LANGUAGE_STANDARD = "gnu++14";
				COMBINE_HIDPI_IMAGES = YES;
				INFOPLIST_FILE = CodeObfuscationTests/Info.plist;
				LD_RUNPATH_SEARCH_PATHS = "$(inherited) @executable_path/../Frameworks @loader_path/../Frameworks";
				LIBRARY_SEARCH_PATHS = (
					"$(inherited)",
					"$(SDKROOT)/usr/lib/system",
				);
				PRODUCT_BUNDLE_IDENTIFIER = com.hejunqiu.CodeObfuscationTests;
				PRODUCT_NAME = "$(TARGET_NAME)";
			};
			name = Debug;
		};
		FB84F12A1ED7DA220015E73C /* Release */ = {
			isa = XCBuildConfiguration;
			buildSettings = {
				CLANG_CXX_LANGUAGE_STANDARD = "gnu++14";
				COMBINE_HIDPI_IMAGES = YES;
				INFOPLIST_FILE = CodeObfuscationTests/Info.plist;
				LD_RUNPATH_SEARCH_PATHS = "$(inherited) @executable_path/../Frameworks @loader_path/../Frameworks";
				LIBRARY_SEARCH_PATHS = (
					"$(inherited)",
					"$(SDKROOT)/usr/lib/system",
				);
				PRODUCT_BUNDLE_IDENTIFIER = com.hejunqiu.CodeObfuscationTests;
				PRODUCT_NAME = "$(TARGET_NAME)";
			};
			name = Release;
		};
		FB8C97671ED6CCA9008C1244 /* Debug */ = {
			isa = XCBuildConfiguration;
			buildSettings = {
				ALWAYS_SEARCH_USER_PATHS = NO;
				CLANG_ANALYZER_NONNULL = YES;
				CLANG_ANALYZER_NUMBER_OBJECT_CONVERSION = YES_AGGRESSIVE;
				CLANG_CXX_LANGUAGE_STANDARD = "gnu++0x";
				CLANG_CXX_LIBRARY = "libc++";
				CLANG_ENABLE_MODULES = YES;
				CLANG_ENABLE_OBJC_ARC = YES;
				CLANG_WARN_BOOL_CONVERSION = YES;
				CLANG_WARN_CONSTANT_CONVERSION = YES;
				CLANG_WARN_DIRECT_OBJC_ISA_USAGE = YES_ERROR;
				CLANG_WARN_DOCUMENTATION_COMMENTS = YES;
				CLANG_WARN_EMPTY_BODY = YES;
				CLANG_WARN_ENUM_CONVERSION = YES;
				CLANG_WARN_INFINITE_RECURSION = YES;
				CLANG_WARN_INT_CONVERSION = YES;
				CLANG_WARN_OBJC_ROOT_CLASS = YES_ERROR;
				CLANG_WARN_SUSPICIOUS_MOVE = YES;
				CLANG_WARN_UNREACHABLE_CODE = YES;
				CLANG_WARN__DUPLICATE_METHOD_MATCH = YES;
				CODE_SIGN_IDENTITY = "-";
				COPY_PHASE_STRIP = NO;
				DEBUG_INFORMATION_FORMAT = dwarf;
				ENABLE_STRICT_OBJC_MSGSEND = YES;
				ENABLE_TESTABILITY = YES;
				GCC_C_LANGUAGE_STANDARD = gnu99;
				GCC_DYNAMIC_NO_PIC = NO;
				GCC_NO_COMMON_BLOCKS = YES;
				GCC_OPTIMIZATION_LEVEL = 0;
				GCC_PREPROCESSOR_DEFINITIONS = (
					"DEBUG=1",
					"$(inherited)",
				);
				GCC_WARN_64_TO_32_BIT_CONVERSION = YES;
				GCC_WARN_ABOUT_RETURN_TYPE = YES_ERROR;
				GCC_WARN_UNDECLARED_SELECTOR = YES;
				GCC_WARN_UNINITIALIZED_AUTOS = YES_AGGRESSIVE;
				GCC_WARN_UNUSED_FUNCTION = YES;
				GCC_WARN_UNUSED_VARIABLE = YES;
				MACOSX_DEPLOYMENT_TARGET = 10.12;
				MTL_ENABLE_DEBUG_INFO = YES;
				ONLY_ACTIVE_ARCH = YES;
				SDKROOT = macosx;
			};
			name = Debug;
		};
		FB8C97681ED6CCA9008C1244 /* Release */ = {
			isa = XCBuildConfiguration;
			buildSettings = {
				ALWAYS_SEARCH_USER_PATHS = NO;
				CLANG_ANALYZER_NONNULL = YES;
				CLANG_ANALYZER_NUMBER_OBJECT_CONVERSION = YES_AGGRESSIVE;
				CLANG_CXX_LANGUAGE_STANDARD = "gnu++0x";
				CLANG_CXX_LIBRARY = "libc++";
				CLANG_ENABLE_MODULES = YES;
				CLANG_ENABLE_OBJC_ARC = YES;
				CLANG_WARN_BOOL_CONVERSION = YES;
				CLANG_WARN_CONSTANT_CONVERSION = YES;
				CLANG_WARN_DIRECT_OBJC_ISA_USAGE = YES_ERROR;
				CLANG_WARN_DOCUMENTATION_COMMENTS = YES;
				CLANG_WARN_EMPTY_BODY = YES;
				CLANG_WARN_ENUM_CONVERSION = YES;
				CLANG_WARN_INFINITE_RECURSION = YES;
				CLANG_WARN_INT_CONVERSION = YES;
				CLANG_WARN_OBJC_ROOT_CLASS = YES_ERROR;
				CLANG_WARN_SUSPICIOUS_MOVE = YES;
				CLANG_WARN_UNREACHABLE_CODE = YES;
				CLANG_WARN__DUPLICATE_METHOD_MATCH = YES;
				CODE_SIGN_IDENTITY = "-";
				COPY_PHASE_STRIP = NO;
				DEBUG_INFORMATION_FORMAT = "dwarf-with-dsym";
				ENABLE_NS_ASSERTIONS = NO;
				ENABLE_STRICT_OBJC_MSGSEND = YES;
				GCC_C_LANGUAGE_STANDARD = gnu99;
				GCC_NO_COMMON_BLOCKS = YES;
				GCC_WARN_64_TO_32_BIT_CONVERSION = YES;
				GCC_WARN_ABOUT_RETURN_TYPE = YES_ERROR;
				GCC_WARN_UNDECLARED_SELECTOR = YES;
				GCC_WARN_UNINITIALIZED_AUTOS = YES_AGGRESSIVE;
				GCC_WARN_UNUSED_FUNCTION = YES;
				GCC_WARN_UNUSED_VARIABLE = YES;
				MACOSX_DEPLOYMENT_TARGET = 10.12;
				MTL_ENABLE_DEBUG_INFO = NO;
				SDKROOT = macosx;
			};
			name = Release;
		};
		FB8C976A1ED6CCA9008C1244 /* Debug */ = {
			isa = XCBuildConfiguration;
			buildSettings = {
				CLANG_CXX_LANGUAGE_STANDARD = "gnu++14";
				CODE_SIGN_IDENTITY = "Mac Developer";
				DEVELOPMENT_TEAM = 8652TQR753;
				INFOPLIST_FILE = "";
				LIBRARY_SEARCH_PATHS = (
					"$(inherited)",
					"$(SDKROOT)/usr/lib/system",
				);
				PRODUCT_BUNDLE_IDENTIFIER = "club.we-code.co";
				PRODUCT_NAME = "$(TARGET_NAME)";
				PROVISIONING_PROFILE_SPECIFIER = "";
			};
			name = Debug;
		};
		FB8C976B1ED6CCA9008C1244 /* Release */ = {
			isa = XCBuildConfiguration;
			buildSettings = {
				CLANG_CXX_LANGUAGE_STANDARD = "gnu++14";
				CODE_SIGN_IDENTITY = "Mac Developer";
				DEVELOPMENT_TEAM = 8652TQR753;
				INFOPLIST_FILE = "";
				LIBRARY_SEARCH_PATHS = (
					"$(inherited)",
					"$(SDKROOT)/usr/lib/system",
				);
				PRODUCT_BUNDLE_IDENTIFIER = "club.we-code.co";
				PRODUCT_NAME = "$(TARGET_NAME)";
				PROVISIONING_PROFILE_SPECIFIER = "";
			};
			name = Release;
		};
/* End XCBuildConfiguration section */

/* Begin XCConfigurationList section */
		FB84F12B1ED7DA220015E73C /* Build configuration list for PBXNativeTarget "CodeObfuscationTests" */ = {
			isa = XCConfigurationList;
			buildConfigurations = (
				FB84F1291ED7DA220015E73C /* Debug */,
				FB84F12A1ED7DA220015E73C /* Release */,
			);
			defaultConfigurationIsVisible = 0;
			defaultConfigurationName = Release;
		};
		FB8C975D1ED6CCA9008C1244 /* Build configuration list for PBXProject "CodeObfuscation" */ = {
			isa = XCConfigurationList;
			buildConfigurations = (
				FB8C97671ED6CCA9008C1244 /* Debug */,
				FB8C97681ED6CCA9008C1244 /* Release */,
			);
			defaultConfigurationIsVisible = 0;
			defaultConfigurationName = Release;
		};
		FB8C97691ED6CCA9008C1244 /* Build configuration list for PBXNativeTarget "CodeObfuscation" */ = {
			isa = XCConfigurationList;
			buildConfigurations = (
				FB8C976A1ED6CCA9008C1244 /* Debug */,
				FB8C976B1ED6CCA9008C1244 /* Release */,
			);
			defaultConfigurationIsVisible = 0;
			defaultConfigurationName = Release;
		};
/* End XCConfigurationList section */
	};
	rootObject = FB8C975A1ED6CCA8008C1244 /* Project object */;
}
